
Microsoft Visual Studio Solution File, Format Version 12.00
# Visual Studio Version 17
VisualStudioVersion = 17.13.35913.81 d17.13
MinimumVisualStudioVersion = 10.0.40219.1
Project("{FAE04EC0-301F-11D3-BF4B-00C04F79EFBC}") = "InfoFailist", "InfoFailist.csproj", "{15EC94A4-91CF-43C2-98D1-1FD2E4A803A1}"
EndProject
Global
	GlobalSection(SolutionConfigurationPlatforms) = preSolution
		Debug|Any CPU = Debug|Any CPU
		Release|Any CPU = Release|Any CPU
	EndGlobalSection
	GlobalSection(ProjectConfigurationPlatforms) = postSolution
		{15EC94A4-91CF-43C2-98D1-1FD2E4A803A1}.Debug|Any CPU.ActiveCfg = Debug|Any CPU
		{15EC94A4-91CF-43C2-98D1-1FD2E4A803A1}.Debug|Any CPU.Build.0 = Debug|Any CPU
		{15EC94A4-91CF-43C2-98D1-1FD2E4A803A1}.Release|Any CPU.ActiveCfg = Release|Any CPU
		{15EC94A4-91CF-43C2-98D1-1FD2E4A803A1}.Release|Any CPU.Build.0 = Release|Any CPU
	EndGlobalSection
	GlobalSection(SolutionProperties) = preSolution
		HideSolutionNode = FALSE
	EndGlobalSection
	GlobalSection(ExtensibilityGlobals) = postSolution
		SolutionGuid = {138F8455-D545-4C90-8FA9-89555D9DF63E}
	EndGlobalSection
EndGlobal
